
Microsoft Visual Studio Solution File, Format Version 12.00
# Visual Studio Version 17
VisualStudioVersion = 17.4.33110.190
MinimumVisualStudioVersion = 10.0.40219.1
Project("{FAE04EC0-301F-11D3-BF4B-00C04F79EFBC}") = "zmeika", "zmeika\zmeika.csproj", "{8247244D-000C-455D-89B2-C046DC274049}"
EndProject
Global
	GlobalSection(SolutionConfigurationPlatforms) = preSolution
		Debug|Any CPU = Debug|Any CPU
		Release|Any CPU = Release|Any CPU
	EndGlobalSection
	GlobalSection(ProjectConfigurationPlatforms) = postSolution
		{8247244D-000C-455D-89B2-C046DC274049}.Debug|Any CPU.ActiveCfg = Debug|Any CPU
		{8247244D-000C-455D-89B2-C046DC274049}.Debug|Any CPU.Build.0 = Debug|Any CPU
		{8247244D-000C-455D-89B2-C046DC274049}.Release|Any CPU.ActiveCfg = Release|Any CPU
		{8247244D-000C-455D-89B2-C046DC274049}.Release|Any CPU.Build.0 = Release|Any CPU
	EndGlobalSection
	GlobalSection(SolutionProperties) = preSolution
		HideSolutionNode = FALSE
	EndGlobalSection
	GlobalSection(ExtensibilityGlobals) = postSolution
		SolutionGuid = {5F6A2AE7-95BA-47E5-B5D7-519E940300C0}
	EndGlobalSection
EndGlobal
